
Microsoft Visual Studio Solution File, Format Version 12.00
# Visual Studio Version 17
VisualStudioVersion = 17.2.32630.192
MinimumVisualStudioVersion = 10.0.40219.1
Project("{FAE04EC0-301F-11D3-BF4B-00C04F79EFBC}") = "UL", "UL\UL.csproj", "{32882385-A566-4AA6-B025-6794CE012C64}"
EndProject
Project("{FAE04EC0-301F-11D3-BF4B-00C04F79EFBC}") = "BLL", "BLL\BLL.csproj", "{364CA63A-89CB-4009-9879-89226420D6C2}"
EndProject
Project("{FAE04EC0-301F-11D3-BF4B-00C04F79EFBC}") = "DAL", "DAL\DAL.csproj", "{E6E0170E-EACA-4667-B0E4-6AA1510D92D7}"
EndProject
Global
	GlobalSection(SolutionConfigurationPlatforms) = preSolution
		Debug|Any CPU = Debug|Any CPU
		Release|Any CPU = Release|Any CPU
	EndGlobalSection
	GlobalSection(ProjectConfigurationPlatforms) = postSolution
		{32882385-A566-4AA6-B025-6794CE012C64}.Debug|Any CPU.ActiveCfg = Debug|Any CPU
		{32882385-A566-4AA6-B025-6794CE012C64}.Debug|Any CPU.Build.0 = Debug|Any CPU
		{32882385-A566-4AA6-B025-6794CE012C64}.Release|Any CPU.ActiveCfg = Release|Any CPU
		{32882385-A566-4AA6-B025-6794CE012C64}.Release|Any CPU.Build.0 = Release|Any CPU
		{364CA63A-89CB-4009-9879-89226420D6C2}.Debug|Any CPU.ActiveCfg = Debug|Any CPU
		{364CA63A-89CB-4009-9879-89226420D6C2}.Debug|Any CPU.Build.0 = Debug|Any CPU
		{364CA63A-89CB-4009-9879-89226420D6C2}.Release|Any CPU.ActiveCfg = Release|Any CPU
		{364CA63A-89CB-4009-9879-89226420D6C2}.Release|Any CPU.Build.0 = Release|Any CPU
		{E6E0170E-EACA-4667-B0E4-6AA1510D92D7}.Debug|Any CPU.ActiveCfg = Debug|Any CPU
		{E6E0170E-EACA-4667-B0E4-6AA1510D92D7}.Debug|Any CPU.Build.0 = Debug|Any CPU
		{E6E0170E-EACA-4667-B0E4-6AA1510D92D7}.Release|Any CPU.ActiveCfg = Release|Any CPU
		{E6E0170E-EACA-4667-B0E4-6AA1510D92D7}.Release|Any CPU.Build.0 = Release|Any CPU
	EndGlobalSection
	GlobalSection(SolutionProperties) = preSolution
		HideSolutionNode = FALSE
	EndGlobalSection
	GlobalSection(ExtensibilityGlobals) = postSolution
		SolutionGuid = {A9085586-A568-4BB5-B7DA-7A4C2ED000DC}
	EndGlobalSection
EndGlobal
